Microsoft Visual Studio Solution File, Format Version 11.00
# Visual Studio 2010
Project("{FAE04EC0-301F-11D3-BF4B-00C04F79EFBC}") = "E4931", "E4931\E4931.csproj", "{6D4BB356-A955-499B-9C2E-43BDE70F5D95}"
EndProject
Global
	GlobalSection(SolutionConfigurationPlatforms) = preSolution
		Debug|Any CPU = Debug|Any CPU
		Release|Any CPU = Release|Any CPU
	EndGlobalSection
	GlobalSection(ProjectConfigurationPlatforms) = postSolution
		{6D4BB356-A955-499B-9C2E-43BDE70F5D95}.Debug|Any CPU.ActiveCfg = Debug|Any CPU
		{6D4BB356-A955-499B-9C2E-43BDE70F5D95}.Debug|Any CPU.Build.0 = Debug|Any CPU
		{6D4BB356-A955-499B-9C2E-43BDE70F5D95}.Release|Any CPU.ActiveCfg = Release|Any CPU
		{6D4BB356-A955-499B-9C2E-43BDE70F5D95}.Release|Any CPU.Build.0 = Release|Any CPU
	EndGlobalSection
	GlobalSection(SolutionProperties) = preSolution
		HideSolutionNode = FALSE
	EndGlobalSection
EndGlobal
